
Microsoft Visual Studio Solution File, Format Version 12.00
# Visual Studio Version 16
VisualStudioVersion = 16.0.28803.156
MinimumVisualStudioVersion = 10.0.40219.1
Project("{FAE04EC0-301F-11D3-BF4B-00C04F79EFBC}") = "UI", "UI\UI.csproj", "{71BD13A0-B7A2-4FFE-9EC2-ABD9DF6FC96B}"
EndProject
Global
	GlobalSection(SolutionConfigurationPlatforms) = preSolution
		Debug|Any CPU = Debug|Any CPU
		Release|Any CPU = Release|Any CPU
	EndGlobalSection
	GlobalSection(ProjectConfigurationPlatforms) = postSolution
		{71BD13A0-B7A2-4FFE-9EC2-ABD9DF6FC96B}.Debug|Any CPU.ActiveCfg = Debug|Any CPU
		{71BD13A0-B7A2-4FFE-9EC2-ABD9DF6FC96B}.Debug|Any CPU.Build.0 = Debug|Any CPU
		{71BD13A0-B7A2-4FFE-9EC2-ABD9DF6FC96B}.Release|Any CPU.ActiveCfg = Release|Any CPU
		{71BD13A0-B7A2-4FFE-9EC2-ABD9DF6FC96B}.Release|Any CPU.Build.0 = Release|Any CPU
	EndGlobalSection
	GlobalSection(SolutionProperties) = preSolution
		HideSolutionNode = FALSE
	EndGlobalSection
	GlobalSection(ExtensibilityGlobals) = postSolution
		SolutionGuid = {32032C32-3173-4ABB-AB1E-3C593E4F1FFE}
	EndGlobalSection
EndGlobal
